{
  "name": "yahoo-fantasy-baseball-reader",
  "version": "2.0.0",
  "lockfileVersion": 3,
  "requires": true,
  "packages": {
    "": {
      "name": "yahoo-fantasy-baseball-reader",
      "version": "2.0.0",
      "license": "ISC",
      "dependencies": {
        "fast-xml-parser": "^5.6.0"
      }
    },
    "node_modules/@nodable/entities": {
      "version": "1.1.0",
      "resolved": "https://registry.npmjs.org/@nodable/entities/-/entities-1.1.0.tgz",
      "integrity": "sha512-bidpxmTBP0pOsxULw6XlxzQpTgrAGLDHGBK/JuWhPDL6ZV0GZ/PmN9CA9do6e+A9lYI6qx6ikJUtJYRxup141g==",
      "funding": [
        {
          "type": "github",
          "url": "https://github.com/sponsors/nodable"
        }
      ],
      "license": "MIT"
    },
    "node_modules/fast-xml-builder": {
      "version": "1.1.4",
      "resolved": "https://registry.npmjs.org/fast-xml-builder/-/fast-xml-builder-1.1.4.tgz",
      "integrity": "sha512-f2jhpN4Eccy0/Uz9csxh3Nu6q4ErKxf0XIsasomfOihuSUa3/xw6w8dnOtCDgEItQFJG8KyXPzQXzcODDrrbOg==",
      "funding": [
        {
          "type": "github",
          "url": "https://github.com/sponsors/NaturalIntelligence"
        }
      ],
      "license": "MIT",
      "dependencies": {
        "path-expression-matcher": "^1.1.3"
      }
    },
    "node_modules/fast-xml-parser": {
      "version": "5.6.0",
      "resolved": "https://registry.npmjs.org/fast-xml-parser/-/fast-xml-parser-5.6.0.tgz",
      "integrity": "sha512-5G+uaEBbOm9M4dgMOV3K/rBzfUNGqGqoUTaYJM3hBwM8t71w07gxLQZoTsjkY8FtfjabqgQHEkeIySBDYeBmJw==",
      "funding": [
        {
          "type": "github",
          "url": "https://github.com/sponsors/NaturalIntelligence"
        }
      ],
      "license": "MIT",
      "dependencies": {
        "@nodable/entities": "^1.1.0",
        "fast-xml-builder": "^1.1.4",
        "path-expression-matcher": "^1.5.0",
        "strnum": "^2.2.3"
      },
      "bin": {
        "fxparser": "src/cli/cli.js"
      }
    },
    "node_modules/path-expression-matcher": {
      "version": "1.5.0",
      "resolved": "https://registry.npmjs.org/path-expression-matcher/-/path-expression-matcher-1.5.0.tgz",
      "integrity": "sha512-cbrerZV+6rvdQrrD+iGMcZFEiiSrbv9Tfdkvnusy6y0x0GKBXREFg/Y65GhIfm0tnLntThhzCnfKwp1WRjeCyQ==",
      "funding": [
        {
          "type": "github",
          "url": "https://github.com/sponsors/NaturalIntelligence"
        }
      ],
      "license": "MIT",
      "engines": {
        "node": ">=14.0.0"
      }
    },
    "node_modules/strnum": {
      "version": "2.2.3",
      "resolved": "https://registry.npmjs.org/strnum/-/strnum-2.2.3.tgz",
      "integrity": "sha512-oKx6RUCuHfT3oyVjtnrmn19H1SiCqgJSg+54XqURKp5aCMbrXrhLjRN9TjuwMjiYstZ0MzDrHqkGZ5dFTKd+zg==",
      "funding": [
        {
          "type": "github",
          "url": "https://github.com/sponsors/NaturalIntelligence"
        }
      ],
      "license": "MIT"
    }
  }
}
